// !$*UTF8*$!
{
	archiveVersion = 1;
	classes = {
	};
	objectVersion = 77;
	objects = {

/* Begin PBXBuildFile section */
		A7F06F562F8D375000B51F21 /* Ollama in Frameworks */ = {isa = PBXBuildFile; productRef = A7F06F552F8D375000B51F21 /* Ollama */; };
/* End PBXBuildFile section */

/* Begin PBXFileReference section */
		0427A9B0BBAFAF5798E3677B /* session_end.json */ = {isa = PBXFileReference; explicitFileType = text.json; name = session_end.json; path = logs/session_end.json; sourceTree = SOURCE_ROOT; };
		0CE424F641498140B5E3AC63 /* subagent_stop.json */ = {isa = PBXFileReference; explicitFileType = text.json; name = subagent_stop.json; path = "logs/b5f41151-0aed-461b-8504-2e6443986013/subagent_stop.json"; sourceTree = SOURCE_ROOT; };
		3ADBBE7983753D70DD8096B9 /* user_prompt_submit.json */ = {isa = PBXFileReference; explicitFileType = text.json; name = user_prompt_submit.json; path = logs/user_prompt_submit.json; sourceTree = SOURCE_ROOT; };
		487BC7874F5804D4C6E50AFB /* post_tool_use.json */ = {isa = PBXFileReference; explicitFileType = text.json; name = post_tool_use.json; path = "logs/b5f41151-0aed-461b-8504-2e6443986013/post_tool_use.json"; sourceTree = SOURCE_ROOT; };
		4BF0E5BD16A435932D397B29 /* pre_tool_use.json */ = {isa = PBXFileReference; explicitFileType = text.json; name = pre_tool_use.json; path = "logs/90f110be-2760-48a2-9a2f-eea29a3995f5/pre_tool_use.json"; sourceTree = SOURCE_ROOT; };
		728BABF87D4D0781A673D362 /* post_tool_use.json */ = {isa = PBXFileReference; explicitFileType = text.json; name = post_tool_use.json; path = "logs/cf517dd1-c093-4676-a7cd-d0a1bd8b57fc/post_tool_use.json"; sourceTree = SOURCE_ROOT; };
		88E71205BBAE1623A2BFB78B /* pre_tool_use.json */ = {isa = PBXFileReference; explicitFileType = text.json; name = pre_tool_use.json; path = "logs/cf517dd1-c093-4676-a7cd-d0a1bd8b57fc/pre_tool_use.json"; sourceTree = SOURCE_ROOT; };
		8DB3228B2EFE6AE3820B5D36 /* chat.json */ = {isa = PBXFileReference; explicitFileType = text.json; name = chat.json; path = "logs/9b0d0365-c7e9-4f0c-b32d-f1212a5c6a2b/chat.json"; sourceTree = SOURCE_ROOT; };
		92958022F7FEE88A914DD280 /* post_tool_use.json */ = {isa = PBXFileReference; explicitFileType = text.json; name = post_tool_use.json; path = "logs/9b0d0365-c7e9-4f0c-b32d-f1212a5c6a2b/post_tool_use.json"; sourceTree = SOURCE_ROOT; };
		931810793F85E43BA3C4D72F /* cf517dd1-c093-4676-a7cd-d0a1bd8b57fc.json */ = {isa = PBXFileReference; explicitFileType = text.json; name = "cf517dd1-c093-4676-a7cd-d0a1bd8b57fc.json"; path = ".claude/data/sessions/cf517dd1-c093-4676-a7cd-d0a1bd8b57fc.json"; sourceTree = SOURCE_ROOT; };
		99CE0F9F0041752A9ECC6D81 /* pre_tool_use.json */ = {isa = PBXFileReference; explicitFileType = text.json; name = pre_tool_use.json; path = "logs/b5f41151-0aed-461b-8504-2e6443986013/pre_tool_use.json"; sourceTree = SOURCE_ROOT; };
		A33CE4FAEC68599F4AB625EC /* post_tool_use.json */ = {isa = PBXFileReference; explicitFileType = text.json; name = post_tool_use.json; path = "logs/90f110be-2760-48a2-9a2f-eea29a3995f5/post_tool_use.json"; sourceTree = SOURCE_ROOT; };
		A76501F52F3B9F5800D18A7C /* SwiftMandarin.app */ = {isa = PBXFileReference; explicitFileType = wrapper.application; includeInIndex = 0; path = SwiftMandarin.app; sourceTree = BUILT_PRODUCTS_DIR; };
		A76502072F3BA18A00D18A7C /* handoff.md */ = {isa = PBXFileReference; lastKnownFileType = net.daringfireball.markdown; path = handoff.md; sourceTree = "<group>"; };
		C6CFAA409C761EF26DB7CFF4 /* last-ndc.ts */ = {isa = PBXFileReference; lastKnownFileType = sourcecode.typescript; name = "last-ndc.ts"; path = ".remember/tmp/last-ndc.ts"; sourceTree = SOURCE_ROOT; };
		FCA315278436A72F8C74DE97 /* stop.json */ = {isa = PBXFileReference; explicitFileType = text.json; name = stop.json; path = "logs/9b0d0365-c7e9-4f0c-b32d-f1212a5c6a2b/stop.json"; sourceTree = SOURCE_ROOT; };
/* End PBXFileReference section */

/* Begin PBXFileSystemSynchronizedBuildFileExceptionSet section */
		A7C0FFEE0000000000000001 /* Exceptions for "SwiftMandarin" folder in "SwiftMandarin" target */ = {
			isa = PBXFileSystemSynchronizedBuildFileExceptionSet;
			membershipExceptions = (
				logs,
				MandarinKit.md,
			);
			target = A76501F42F3B9F5800D18A7C /* SwiftMandarin */;
		};
/* End PBXFileSystemSynchronizedBuildFileExceptionSet section */

/* Begin PBXFileSystemSynchronizedRootGroup section */
		A76501F72F3B9F5800D18A7C /* SwiftMandarin */ = {
			isa = PBXFileSystemSynchronizedRootGroup;
			exceptions = (
				A7C0FFEE0000000000000001 /* Exceptions for "SwiftMandarin" folder in "SwiftMandarin" target */,
			);
			path = SwiftMandarin;
			sourceTree = "<group>";
		};
/* End PBXFileSystemSynchronizedRootGroup section */

/* Begin PBXFrameworksBuildPhase section */
		A76501F22F3B9F5800D18A7C /* Frameworks */ = {
			isa = PBXFrameworksBuildPhase;
			buildActionMask = 2147483647;
			files = (
				A7F06F562F8D375000B51F21 /* Ollama in Frameworks */,
			);
			runOnlyForDeploymentPostprocessing = 0;
		};
/* End PBXFrameworksBuildPhase section */

/* Begin PBXGroup section */
		A76501EC2F3B9F5800D18A7C = {
			isa = PBXGroup;
			children = (
				A76501F72F3B9F5800D18A7C /* SwiftMandarin */,
				A76501F62F3B9F5800D18A7C /* Products */,
				A76502072F3BA18A00D18A7C /* handoff.md */,
				C6CFAA409C761EF26DB7CFF4 /* last-ndc.ts */,
				931810793F85E43BA3C4D72F /* cf517dd1-c093-4676-a7cd-d0a1bd8b57fc.json */,
				3ADBBE7983753D70DD8096B9 /* user_prompt_submit.json */,
				88E71205BBAE1623A2BFB78B /* pre_tool_use.json */,
				728BABF87D4D0781A673D362 /* post_tool_use.json */,
				487BC7874F5804D4C6E50AFB /* post_tool_use.json */,
				99CE0F9F0041752A9ECC6D81 /* pre_tool_use.json */,
				0CE424F641498140B5E3AC63 /* subagent_stop.json */,
				0427A9B0BBAFAF5798E3677B /* session_end.json */,
				92958022F7FEE88A914DD280 /* post_tool_use.json */,
				FCA315278436A72F8C74DE97 /* stop.json */,
				8DB3228B2EFE6AE3820B5D36 /* chat.json */,
				4BF0E5BD16A435932D397B29 /* pre_tool_use.json */,
				A33CE4FAEC68599F4AB625EC /* post_tool_use.json */,
			);
			sourceTree = "<group>";
		};
		A76501F62F3B9F5800D18A7C /* Products */ = {
			isa = PBXGroup;
			children = (
				A76501F52F3B9F5800D18A7C /* SwiftMandarin.app */,
			);
			name = Products;
			sourceTree = "<group>";
		};
/* End PBXGroup section */

/* Begin PBXNativeTarget section */
		A76501F42F3B9F5800D18A7C /* SwiftMandarin */ = {
			isa = PBXNativeTarget;
			buildConfigurationList = A76502022F3B9F5800D18A7C /* Build configuration list for PBXNativeTarget "SwiftMandarin" */;
			buildPhases = (
				A76501F12F3B9F5800D18A7C /* Sources */,
				A76501F22F3B9F5800D18A7C /* Frameworks */,
				A76501F32F3B9F5800D18A7C /* Resources */,
			);
			buildRules = (
			);
			dependencies = (
			);
			fileSystemSynchronizedGroups = (
				A76501F72F3B9F5800D18A7C /* SwiftMandarin */,
			);
			name = SwiftMandarin;
			packageProductDependencies = (
				A7F06F552F8D375000B51F21 /* Ollama */,
			);
			productName = SwiftMandarin;
			productReference = A76501F52F3B9F5800D18A7C /* SwiftMandarin.app */;
			productType = "com.apple.product-type.application";
		};
/* End PBXNativeTarget section */

/* Begin PBXProject section */
		A76501ED2F3B9F5800D18A7C /* Project object */ = {
			isa = PBXProject;
			attributes = {
				BuildIndependentTargetsInParallel = 1;
				LastSwiftUpdateCheck = 2630;
				LastUpgradeCheck = 2630;
				TargetAttributes = {
					A76501F42F3B9F5800D18A7C = {
						CreatedOnToolsVersion = 26.3;
					};
				};
			};
			buildConfigurationList = A76501F02F3B9F5800D18A7C /* Build configuration list for PBXProject "SwiftMandarin" */;
			developmentRegion = en;
			hasScannedForEncodings = 0;
			knownRegions = (
				en,
				Base,
				"zh-Hans",
			);
			mainGroup = A76501EC2F3B9F5800D18A7C;
			minimizedProjectReferenceProxies = 1;
			packageReferences = (
				A7F06F542F8D375000B51F21 /* XCRemoteSwiftPackageReference "ollama-swift" */,
			);
			preferredProjectObjectVersion = 77;
			productRefGroup = A76501F62F3B9F5800D18A7C /* Products */;
			projectDirPath = "";
			projectRoot = "";
			targets = (
				A76501F42F3B9F5800D18A7C /* SwiftMandarin */,
			);
		};
/* End PBXProject section */

/* Begin PBXResourcesBuildPhase section */
		A76501F32F3B9F5800D18A7C /* Resources */ = {
			isa = PBXResourcesBuildPhase;
			buildActionMask = 2147483647;
			files = (
			);
			runOnlyForDeploymentPostprocessing = 0;
		};
/* End PBXResourcesBuildPhase section */

/* Begin PBXSourcesBuildPhase section */
		A76501F12F3B9F5800D18A7C /* Sources */ = {
			isa = PBXSourcesBuildPhase;
			buildActionMask = 2147483647;
			files = (
			);
			runOnlyForDeploymentPostprocessing = 0;
		};
/* End PBXSourcesBuildPhase section */

/* Begin XCBuildConfiguration section */
		A76502002F3B9F5800D18A7C /* Debug */ = {
			isa = XCBuildConfiguration;
			buildSettings = {
				ALWAYS_SEARCH_USER_PATHS = NO;
				ASSETCATALOG_COMPILER_GENERATE_SWIFT_ASSET_SYMBOL_EXTENSIONS = YES;
				CLANG_ANALYZER_NONNULL = YES;
				CLANG_ANALYZER_NUMBER_OBJECT_CONVERSION = YES_AGGRESSIVE;
				CLANG_CXX_LANGUAGE_STANDARD = "gnu++20";
				CLANG_ENABLE_MODULES = YES;
				CLANG_ENABLE_OBJC_ARC = YES;
				CLANG_ENABLE_OBJC_WEAK = YES;
				CLANG_WARN_BLOCK_CAPTURE_AUTORELEASING = YES;
				CLANG_WARN_BOOL_CONVERSION = YES;
				CLANG_WARN_COMMA = YES;
				CLANG_WARN_CONSTANT_CONVERSION = YES;
				CLANG_WARN_DEPRECATED_OBJC_IMPLEMENTATIONS = YES;
				CLANG_WARN_DIRECT_OBJC_ISA_USAGE = YES_ERROR;
				CLANG_WARN_DOCUMENTATION_COMMENTS = YES;
				CLANG_WARN_EMPTY_BODY = YES;
				CLANG_WARN_ENUM_CONVERSION = YES;
				CLANG_WARN_INFINITE_RECURSION = YES;
				CLANG_WARN_INT_CONVERSION = YES;
				CLANG_WARN_NON_LITERAL_NULL_CONVERSION = YES;
				CLANG_WARN_OBJC_IMPLICIT_RETAIN_SELF = YES;
				CLANG_WARN_OBJC_LITERAL_CONVERSION = YES;
				CLANG_WARN_OBJC_ROOT_CLASS = YES_ERROR;
				CLANG_WARN_QUOTED_INCLUDE_IN_FRAMEWORK_HEADER = YES;
				CLANG_WARN_RANGE_LOOP_ANALYSIS = YES;
				CLANG_WARN_STRICT_PROTOTYPES = YES;
				CLANG_WARN_SUSPICIOUS_MOVE = YES;
				CLANG_WARN_UNGUARDED_AVAILABILITY = YES_AGGRESSIVE;
				CLANG_WARN_UNREACHABLE_CODE = YES;
				CLANG_WARN__DUPLICATE_METHOD_MATCH = YES;
				COPY_PHASE_STRIP = NO;
				DEBUG_INFORMATION_FORMAT = dwarf;
				DEVELOPMENT_TEAM = X8AD8YC886;
				ENABLE_STRICT_OBJC_MSGSEND = YES;
				ENABLE_TESTABILITY = YES;
				ENABLE_USER_SCRIPT_SANDBOXING = YES;
				GCC_C_LANGUAGE_STANDARD = gnu17;
				GCC_DYNAMIC_NO_PIC = NO;
				GCC_NO_COMMON_BLOCKS = YES;
				GCC_OPTIMIZATION_LEVEL = 0;
				GCC_PREPROCESSOR_DEFINITIONS = (
					"DEBUG=1",
					"$(inherited)",
				);
				GCC_WARN_64_TO_32_BIT_CONVERSION = YES;
				GCC_WARN_ABOUT_RETURN_TYPE = YES_ERROR;
				GCC_WARN_UNDECLARED_SELECTOR = YES;
				GCC_WARN_UNINITIALIZED_AUTOS = YES_AGGRESSIVE;
				GCC_WARN_UNUSED_FUNCTION = YES;
				GCC_WARN_UNUSED_VARIABLE = YES;
				LOCALIZATION_PREFERS_STRING_CATALOGS = YES;
				MTL_ENABLE_DEBUG_INFO = INCLUDE_SOURCE;
				MTL_FAST_MATH = YES;
				ONLY_ACTIVE_ARCH = YES;
				SWIFT_ACTIVE_COMPILATION_CONDITIONS = "DEBUG $(inherited)";
				SWIFT_OPTIMIZATION_LEVEL = "-Onone";
			};
			name = Debug;
		};
		A76502012F3B9F5800D18A7C /* Release */ = {
			isa = XCBuildConfiguration;
			buildSettings = {
				ALWAYS_SEARCH_USER_PATHS = NO;
				ASSETCATALOG_COMPILER_GENERATE_SWIFT_ASSET_SYMBOL_EXTENSIONS = YES;
				CLANG_ANALYZER_NONNULL = YES;
				CLANG_ANALYZER_NUMBER_OBJECT_CONVERSION = YES_AGGRESSIVE;
				CLANG_CXX_LANGUAGE_STANDARD = "gnu++20";
				CLANG_ENABLE_MODULES = YES;
				CLANG_ENABLE_OBJC_ARC = YES;
				CLANG_ENABLE_OBJC_WEAK = YES;
				CLANG_WARN_BLOCK_CAPTURE_AUTORELEASING = YES;
				CLANG_WARN_BOOL_CONVERSION = YES;
				CLANG_WARN_COMMA = YES;
				CLANG_WARN_CONSTANT_CONVERSION = YES;
				CLANG_WARN_DEPRECATED_OBJC_IMPLEMENTATIONS = YES;
				CLANG_WARN_DIRECT_OBJC_ISA_USAGE = YES_ERROR;
				CLANG_WARN_DOCUMENTATION_COMMENTS = YES;
				CLANG_WARN_EMPTY_BODY = YES;
				CLANG_WARN_ENUM_CONVERSION = YES;
				CLANG_WARN_INFINITE_RECURSION = YES;
				CLANG_WARN_INT_CONVERSION = YES;
				CLANG_WARN_NON_LITERAL_NULL_CONVERSION = YES;
				CLANG_WARN_OBJC_IMPLICIT_RETAIN_SELF = YES;
				CLANG_WARN_OBJC_LITERAL_CONVERSION = YES;
				CLANG_WARN_OBJC_ROOT_CLASS = YES_ERROR;
				CLANG_WARN_QUOTED_INCLUDE_IN_FRAMEWORK_HEADER = YES;
				CLANG_WARN_RANGE_LOOP_ANALYSIS = YES;
				CLANG_WARN_STRICT_PROTOTYPES = YES;
				CLANG_WARN_SUSPICIOUS_MOVE = YES;
				CLANG_WARN_UNGUARDED_AVAILABILITY = YES_AGGRESSIVE;
				CLANG_WARN_UNREACHABLE_CODE = YES;
				CLANG_WARN__DUPLICATE_METHOD_MATCH = YES;
				COPY_PHASE_STRIP = NO;
				DEBUG_INFORMATION_FORMAT = "dwarf-with-dsym";
				DEVELOPMENT_TEAM = X8AD8YC886;
				ENABLE_NS_ASSERTIONS = NO;
				ENABLE_STRICT_OBJC_MSGSEND = YES;
				ENABLE_USER_SCRIPT_SANDBOXING = YES;
				GCC_C_LANGUAGE_STANDARD = gnu17;
				GCC_NO_COMMON_BLOCKS = YES;
				GCC_WARN_64_TO_32_BIT_CONVERSION = YES;
				GCC_WARN_ABOUT_RETURN_TYPE = YES_ERROR;
				GCC_WARN_UNDECLARED_SELECTOR = YES;
				GCC_WARN_UNINITIALIZED_AUTOS = YES_AGGRESSIVE;
				GCC_WARN_UNUSED_FUNCTION = YES;
				GCC_WARN_UNUSED_VARIABLE = YES;
				LOCALIZATION_PREFERS_STRING_CATALOGS = YES;
				MTL_ENABLE_DEBUG_INFO = NO;
				MTL_FAST_MATH = YES;
				SWIFT_COMPILATION_MODE = wholemodule;
			};
			name = Release;
		};
		A76502032F3B9F5800D18A7C /* Debug */ = {
			isa = XCBuildConfiguration;
			buildSettings = {
				ASSETCATALOG_COMPILER_APPICON_NAME = AppIcon;
				ASSETCATALOG_COMPILER_GLOBAL_ACCENT_COLOR_NAME = AccentColor;
				AUTOMATION_APPLE_EVENTS = YES;
				CODE_SIGN_ENTITLEMENTS = SwiftMandarin/SwiftMandarin.entitlements;
				"CODE_SIGN_IDENTITY[sdk=macosx*]" = "Apple Development";
				CODE_SIGN_STYLE = Automatic;
				CURRENT_PROJECT_VERSION = 3;
				DEVELOPMENT_TEAM = X8AD8YC886;
				ENABLE_APP_SANDBOX = YES;
				ENABLE_FILE_ACCESS_DOWNLOADS_FOLDER = readwrite;
				ENABLE_FILE_ACCESS_MOVIES_FOLDER = readwrite;
				ENABLE_FILE_ACCESS_MUSIC_FOLDER = readwrite;
				ENABLE_FILE_ACCESS_PICTURE_FOLDER = readwrite;
				ENABLE_HARDENED_RUNTIME = YES;
				ENABLE_INCOMING_NETWORK_CONNECTIONS = YES;
				ENABLE_OUTGOING_NETWORK_CONNECTIONS = YES;
				ENABLE_PREVIEWS = YES;
				ENABLE_RESOURCE_ACCESS_AUDIO_INPUT = YES;
				ENABLE_RESOURCE_ACCESS_BLUETOOTH = YES;
				ENABLE_RESOURCE_ACCESS_CALENDARS = YES;
				ENABLE_RESOURCE_ACCESS_CAMERA = YES;
				ENABLE_RESOURCE_ACCESS_CONTACTS = YES;
				ENABLE_RESOURCE_ACCESS_LOCATION = YES;
				ENABLE_RESOURCE_ACCESS_PHOTO_LIBRARY = YES;
				ENABLE_RESOURCE_ACCESS_PRINTING = YES;
				ENABLE_RESOURCE_ACCESS_USB = YES;
				ENABLE_USER_SELECTED_FILES = readwrite;
				GENERATE_INFOPLIST_FILE = YES;
				INFOPLIST_KEY_LSApplicationCategoryType = "public.app-category.education";
				INFOPLIST_KEY_NSCameraUsageDescription = "SwiftMandarin needs camera access to scan and recognize text from photos for translation.";
				INFOPLIST_KEY_NSMicrophoneUsageDescription = "SwiftMandarin uses the microphone to record speech for transcription and translation.";
				INFOPLIST_KEY_NSPhotoLibraryUsageDescription = "SwiftMandarin needs photo library access to select images containing text for translation.";
				INFOPLIST_KEY_NSSpeechRecognitionUsageDescription = "SwiftMandarin uses Apple Speech to transcribe live and recorded audio for editing and translation; processing may use Apple services when on-device recognition is unavailable.";
				"INFOPLIST_KEY_UIApplicationSceneManifest_Generation[sdk=iphoneos*]" = YES;
				"INFOPLIST_KEY_UIApplicationSceneManifest_Generation[sdk=iphonesimulator*]" = YES;
				"INFOPLIST_KEY_UIApplicationSupportsIndirectInputEvents[sdk=iphoneos*]" = YES;
				"INFOPLIST_KEY_UIApplicationSupportsIndirectInputEvents[sdk=iphonesimulator*]" = YES;
				"INFOPLIST_KEY_UILaunchScreen_Generation[sdk=iphoneos*]" = YES;
				"INFOPLIST_KEY_UILaunchScreen_Generation[sdk=iphonesimulator*]" = YES;
				"INFOPLIST_KEY_UIStatusBarStyle[sdk=iphoneos*]" = UIStatusBarStyleDefault;
				"INFOPLIST_KEY_UIStatusBarStyle[sdk=iphonesimulator*]" = UIStatusBarStyleDefault;
				INFOPLIST_KEY_UISupportedInterfaceOrientations_iPad = "UIInterfaceOrientationPortrait UIInterfaceOrientationPortraitUpsideDown UIInterfaceOrientationLandscapeLeft UIInterfaceOrientationLandscapeRight";
				INFOPLIST_KEY_UISupportedInterfaceOrientations_iPhone = "UIInterfaceOrientationPortrait UIInterfaceOrientationLandscapeLeft UIInterfaceOrientationLandscapeRight";
				IPHONEOS_DEPLOYMENT_TARGET = 17.0;
				LD_RUNPATH_SEARCH_PATHS = "@executable_path/Frameworks";
				"LD_RUNPATH_SEARCH_PATHS[sdk=macosx*]" = "@executable_path/../Frameworks";
				MACOSX_DEPLOYMENT_TARGET = 26.2;
				MARKETING_VERSION = 3.0;
				PRODUCT_BUNDLE_IDENTIFIER = linroger022.SwiftMandarin;
				PRODUCT_NAME = "$(TARGET_NAME)";
				REGISTER_APP_GROUPS = YES;
				RUNTIME_EXCEPTION_ALLOW_DYLD_ENVIRONMENT_VARIABLES = NO;
				RUNTIME_EXCEPTION_ALLOW_JIT = NO;
				RUNTIME_EXCEPTION_ALLOW_UNSIGNED_EXECUTABLE_MEMORY = NO;
				RUNTIME_EXCEPTION_DEBUGGING_TOOL = NO;
				RUNTIME_EXCEPTION_DISABLE_EXECUTABLE_PAGE_PROTECTION = NO;
				RUNTIME_EXCEPTION_DISABLE_LIBRARY_VALIDATION = NO;
				SDKROOT = auto;
				STRING_CATALOG_GENERATE_SYMBOLS = YES;
				SUPPORTED_PLATFORMS = "iphoneos iphonesimulator macosx xros xrsimulator";
				SWIFT_APPROACHABLE_CONCURRENCY = YES;
				SWIFT_DEFAULT_ACTOR_ISOLATION = MainActor;
				SWIFT_EMIT_LOC_STRINGS = YES;
				SWIFT_UPCOMING_FEATURE_MEMBER_IMPORT_VISIBILITY = YES;
				SWIFT_VERSION = 5.0;
				TARGETED_DEVICE_FAMILY = "1,2,7";
				XROS_DEPLOYMENT_TARGET = 26.2;
			};
			name = Debug;
		};
		A76502042F3B9F5800D18A7C /* Release */ = {
			isa = XCBuildConfiguration;
			buildSettings = {
				ASSETCATALOG_COMPILER_APPICON_NAME = AppIcon;
				ASSETCATALOG_COMPILER_GLOBAL_ACCENT_COLOR_NAME = AccentColor;
				AUTOMATION_APPLE_EVENTS = YES;
				CODE_SIGN_ENTITLEMENTS = SwiftMandarin/SwiftMandarin.entitlements;
				"CODE_SIGN_IDENTITY[sdk=macosx*]" = "Apple Development";
				CODE_SIGN_STYLE = Automatic;
				CURRENT_PROJECT_VERSION = 3;
				DEVELOPMENT_TEAM = X8AD8YC886;
				ENABLE_APP_SANDBOX = YES;
				ENABLE_FILE_ACCESS_DOWNLOADS_FOLDER = readwrite;
				ENABLE_FILE_ACCESS_MOVIES_FOLDER = readwrite;
				ENABLE_FILE_ACCESS_MUSIC_FOLDER = readwrite;
				ENABLE_FILE_ACCESS_PICTURE_FOLDER = readwrite;
				ENABLE_HARDENED_RUNTIME = YES;
				ENABLE_INCOMING_NETWORK_CONNECTIONS = YES;
				ENABLE_OUTGOING_NETWORK_CONNECTIONS = YES;
				ENABLE_PREVIEWS = YES;
				ENABLE_RESOURCE_ACCESS_AUDIO_INPUT = YES;
				ENABLE_RESOURCE_ACCESS_BLUETOOTH = YES;
				ENABLE_RESOURCE_ACCESS_CALENDARS = YES;
				ENABLE_RESOURCE_ACCESS_CAMERA = YES;
				ENABLE_RESOURCE_ACCESS_CONTACTS = YES;
				ENABLE_RESOURCE_ACCESS_LOCATION = YES;
				ENABLE_RESOURCE_ACCESS_PHOTO_LIBRARY = YES;
				ENABLE_RESOURCE_ACCESS_PRINTING = YES;
				ENABLE_RESOURCE_ACCESS_USB = YES;
				ENABLE_USER_SELECTED_FILES = readwrite;
				GENERATE_INFOPLIST_FILE = YES;
				INFOPLIST_KEY_LSApplicationCategoryType = "public.app-category.education";
				INFOPLIST_KEY_NSCameraUsageDescription = "SwiftMandarin needs camera access to scan and recognize text from photos for translation.";
				INFOPLIST_KEY_NSMicrophoneUsageDescription = "SwiftMandarin uses the microphone to record speech for transcription and translation.";
				INFOPLIST_KEY_NSPhotoLibraryUsageDescription = "SwiftMandarin needs photo library access to select images containing text for translation.";
				INFOPLIST_KEY_NSSpeechRecognitionUsageDescription = "SwiftMandarin uses Apple Speech to transcribe live and recorded audio for editing and translation; processing may use Apple services when on-device recognition is unavailable.";
				"INFOPLIST_KEY_UIApplicationSceneManifest_Generation[sdk=iphoneos*]" = YES;
				"INFOPLIST_KEY_UIApplicationSceneManifest_Generation[sdk=iphonesimulator*]" = YES;
				"INFOPLIST_KEY_UIApplicationSupportsIndirectInputEvents[sdk=iphoneos*]" = YES;
				"INFOPLIST_KEY_UIApplicationSupportsIndirectInputEvents[sdk=iphonesimulator*]" = YES;
				"INFOPLIST_KEY_UILaunchScreen_Generation[sdk=iphoneos*]" = YES;
				"INFOPLIST_KEY_UILaunchScreen_Generation[sdk=iphonesimulator*]" = YES;
				"INFOPLIST_KEY_UIStatusBarStyle[sdk=iphoneos*]" = UIStatusBarStyleDefault;
				"INFOPLIST_KEY_UIStatusBarStyle[sdk=iphonesimulator*]" = UIStatusBarStyleDefault;
				INFOPLIST_KEY_UISupportedInterfaceOrientations_iPad = "UIInterfaceOrientationPortrait UIInterfaceOrientationPortraitUpsideDown UIInterfaceOrientationLandscapeLeft UIInterfaceOrientationLandscapeRight";
				INFOPLIST_KEY_UISupportedInterfaceOrientations_iPhone = "UIInterfaceOrientationPortrait UIInterfaceOrientationLandscapeLeft UIInterfaceOrientationLandscapeRight";
				IPHONEOS_DEPLOYMENT_TARGET = 17.0;
				LD_RUNPATH_SEARCH_PATHS = "@executable_path/Frameworks";
				"LD_RUNPATH_SEARCH_PATHS[sdk=macosx*]" = "@executable_path/../Frameworks";
				MACOSX_DEPLOYMENT_TARGET = 26.2;
				MARKETING_VERSION = 3.0;
				PRODUCT_BUNDLE_IDENTIFIER = linroger022.SwiftMandarin;
				PRODUCT_NAME = "$(TARGET_NAME)";
				REGISTER_APP_GROUPS = YES;
				RUNTIME_EXCEPTION_ALLOW_DYLD_ENVIRONMENT_VARIABLES = NO;
				RUNTIME_EXCEPTION_ALLOW_JIT = NO;
				RUNTIME_EXCEPTION_ALLOW_UNSIGNED_EXECUTABLE_MEMORY = NO;
				RUNTIME_EXCEPTION_DEBUGGING_TOOL = NO;
				RUNTIME_EXCEPTION_DISABLE_EXECUTABLE_PAGE_PROTECTION = NO;
				RUNTIME_EXCEPTION_DISABLE_LIBRARY_VALIDATION = NO;
				SDKROOT = auto;
				STRING_CATALOG_GENERATE_SYMBOLS = YES;
				SUPPORTED_PLATFORMS = "iphoneos iphonesimulator macosx xros xrsimulator";
				SWIFT_APPROACHABLE_CONCURRENCY = YES;
				SWIFT_DEFAULT_ACTOR_ISOLATION = MainActor;
				SWIFT_EMIT_LOC_STRINGS = YES;
				SWIFT_UPCOMING_FEATURE_MEMBER_IMPORT_VISIBILITY = YES;
				SWIFT_VERSION = 5.0;
				TARGETED_DEVICE_FAMILY = "1,2,7";
				XROS_DEPLOYMENT_TARGET = 26.2;
			};
			name = Release;
		};
/* End XCBuildConfiguration section */

/* Begin XCConfigurationList section */
		A76501F02F3B9F5800D18A7C /* Build configuration list for PBXProject "SwiftMandarin" */ = {
			isa = XCConfigurationList;
			buildConfigurations = (
				A76502002F3B9F5800D18A7C /* Debug */,
				A76502012F3B9F5800D18A7C /* Release */,
			);
			defaultConfigurationIsVisible = 0;
			defaultConfigurationName = Release;
		};
		A76502022F3B9F5800D18A7C /* Build configuration list for PBXNativeTarget "SwiftMandarin" */ = {
			isa = XCConfigurationList;
			buildConfigurations = (
				A76502032F3B9F5800D18A7C /* Debug */,
				A76502042F3B9F5800D18A7C /* Release */,
			);
			defaultConfigurationIsVisible = 0;
			defaultConfigurationName = Release;
		};
/* End XCConfigurationList section */

/* Begin XCRemoteSwiftPackageReference section */
		A7F06F542F8D375000B51F21 /* XCRemoteSwiftPackageReference "ollama-swift" */ = {
			isa = XCRemoteSwiftPackageReference;
			repositoryURL = "https://github.com/mattt/ollama-swift.git";
			requirement = {
				kind = upToNextMajorVersion;
				minimumVersion = 1.8.0;
			};
		};
/* End XCRemoteSwiftPackageReference section */

/* Begin XCSwiftPackageProductDependency section */
		A7F06F552F8D375000B51F21 /* Ollama */ = {
			isa = XCSwiftPackageProductDependency;
			package = A7F06F542F8D375000B51F21 /* XCRemoteSwiftPackageReference "ollama-swift" */;
			productName = Ollama;
		};
/* End XCSwiftPackageProductDependency section */
	};
	rootObject = A76501ED2F3B9F5800D18A7C /* Project object */;
}
